
Microsoft Visual Studio Solution File, Format Version 12.00
# Visual Studio Version 17
VisualStudioVersion = 17.11.35327.3
MinimumVisualStudioVersion = 10.0.40219.1
Project("{9A19103F-16F7-4668-BE54-9A1E7A4F7556}") = "FirstProject", "FirstProject\FirstProject.csproj", "{3B4E6B4B-7F1B-4977-9A3D-E9D5BCC4B384}"
EndProject
Project("{9A19103F-16F7-4668-BE54-9A1E7A4F7556}") = "SecondProject", "SecondProject\SecondProject.csproj", "{F3541243-D9DC-448A-AE1C-AFB7B5933C85}"
EndProject
Project("{9A19103F-16F7-4668-BE54-9A1E7A4F7556}") = "FirstDegree", "FirstDegree\FirstDegree.csproj", "{BD0279F5-6717-4DF7-9F18-FBA298366CC1}"
EndProject
Project("{9A19103F-16F7-4668-BE54-9A1E7A4F7556}") = "QuarticEquation", "QuarticEquation\QuarticEquation.csproj", "{5BD24112-2312-499A-8D92-2AD4E980D8F7}"
EndProject
Project("{9A19103F-16F7-4668-BE54-9A1E7A4F7556}") = "StringInteraction", "StringInteraction\StringInteraction.csproj", "{9665768F-05F3-4C48-BFFD-6C6891C1085C}"
EndProject
Project("{9A19103F-16F7-4668-BE54-9A1E7A4F7556}") = "SimpleMath", "SimpleMath\SimpleMath.csproj", "{6BA5C96B-FD52-4AEF-988A-FF066897BA65}"
EndProject
Project("{9A19103F-16F7-4668-BE54-9A1E7A4F7556}") = "RefAndOut", "RefAndOut\RefAndOut.csproj", "{61224702-57D7-4AD7-9BAD-77FE7E941EE4}"
EndProject
Project("{9A19103F-16F7-4668-BE54-9A1E7A4F7556}") = "TryParseSimple", "TryParseSimple\TryParseSimple.csproj", "{5DE4C39F-2890-44D1-8620-9DD5BE62FEE1}"
EndProject
Project("{9A19103F-16F7-4668-BE54-9A1E7A4F7556}") = "paramsample", "paramsample\paramsample.csproj", "{18DC065F-1C13-46E6-83E5-5DDBBD17C64F}"
EndProject
Project("{9A19103F-16F7-4668-BE54-9A1E7A4F7556}") = "TupleSample", "TupleSample\TupleSample.csproj", "{3BA0CE7F-96EF-4E8F-A676-606D019D4F67}"
EndProject
Project("{9A19103F-16F7-4668-BE54-9A1E7A4F7556}") = "NestedLoop_Sort", "NestedLoop_Sort\NestedLoop_Sort.csproj", "{0A697549-52CD-4D6C-975B-E65BB840943C}"
EndProject
Project("{9A19103F-16F7-4668-BE54-9A1E7A4F7556}") = "NestedLoop_VeHinh", "NestedLoop_VeHinh\NestedLoop_VeHinh.csproj", "{E466D72D-6F3B-402B-B547-8E4B3726A486}"
EndProject
Project("{9A19103F-16F7-4668-BE54-9A1E7A4F7556}") = "OOP1", "OOP1\OOP1.csproj", "{FEC1A480-0B5D-4069-9274-BAA6342EC435}"
EndProject
Project("{9A19103F-16F7-4668-BE54-9A1E7A4F7556}") = "OOP2", "OOP2\OOP2.csproj", "{B8D68855-B34B-4C2A-BBB8-E9ADD3732F99}"
EndProject
Project("{9A19103F-16F7-4668-BE54-9A1E7A4F7556}") = "OOP3_ExtensionMethod", "OOP3\OOP3_ExtensionMethod.csproj", "{990CF9EA-588A-4E3C-B47A-4AD8BF7FAAC4}"
EndProject
Project("{9A19103F-16F7-4668-BE54-9A1E7A4F7556}") = "OOP4_ResumeOOP2", "OOP4_ResumeOOP2\OOP4_ResumeOOP2.csproj", "{912D790C-954C-46E8-A1F2-43658667DABE}"
EndProject
Project("{9A19103F-16F7-4668-BE54-9A1E7A4F7556}") = "OOP5_Generic_list", "OOP5_Generic_list\OOP5_Generic_list.csproj", "{DBF8507B-623D-4D76-8748-F42DD446E827}"
EndProject
Project("{9A19103F-16F7-4668-BE54-9A1E7A4F7556}") = "OOP6_Dictionary", "OOP6_Dictionary\OOP6_Dictionary.csproj", "{2A9A80BE-3027-4FD5-B1DF-0CE95DD87A1E}"
EndProject
Project("{2150E333-8FDC-42A3-9474-1A3956D46DE8}") = "Chapter5", "Chapter5", "{80BC0345-148F-4D67-999B-B062D898386A}"
EndProject
Project("{9A19103F-16F7-4668-BE54-9A1E7A4F7556}") = "BuilderPattern", "BuilderPattern\BuilderPattern.csproj", "{3119A256-1E94-4AB5-9D4A-80168B839501}"
EndProject
Project("{9A19103F-16F7-4668-BE54-9A1E7A4F7556}") = "FactoriesPattern", "FactoriesPattern\FactoriesPattern.csproj", "{6D86DA95-B6ED-4F0B-B6EE-3CF034F7468B}"
EndProject
Project("{9A19103F-16F7-4668-BE54-9A1E7A4F7556}") = "PrototypePattern", "PrototypePattern\PrototypePattern.csproj", "{4C40DC0F-4527-4D3A-912D-AE392FDA8788}"
EndProject
Project("{9A19103F-16F7-4668-BE54-9A1E7A4F7556}") = "SingletonPattern", "SingletonPattern\SingletonPattern.csproj", "{18BF0B5E-631D-4BD3-9284-9D404D363B31}"
EndProject
Project("{9A19103F-16F7-4668-BE54-9A1E7A4F7556}") = "ObserverPattern", "ObserverPattern\ObserverPattern.csproj", "{9892C2CF-62CE-484B-A360-B6BFFF9DCFF9}"
EndProject
Project("{9A19103F-16F7-4668-BE54-9A1E7A4F7556}") = "DemoAliasClone", "DemoAliasClone\DemoAliasClone.csproj", "{0673BED2-CC7C-4A74-8151-5D1217DBD9D5}"
EndProject
Project("{9A19103F-16F7-4668-BE54-9A1E7A4F7556}") = "DemoDeligate", "DemoDeligate\DemoDeligate.csproj", "{775C3741-EA2D-4CF8-ADBB-29A51EF93A27}"
EndProject
Project("{2150E333-8FDC-42A3-9474-1A3956D46DE8}") = "Chapter6", "Chapter6", "{BBC40510-14D2-4697-8C76-330486D35768}"
EndProject
Project("{9A19103F-16F7-4668-BE54-9A1E7A4F7556}") = "DemoLINQ2Object", "DemoLINQ2Object\DemoLINQ2Object.csproj", "{AD6AF51C-1F29-4791-B823-153385A7F574}"
EndProject
Project("{9A19103F-16F7-4668-BE54-9A1E7A4F7556}") = "DemoLINQ2ObjectModelClass", "DemoLINQ2ObjectModelClass\DemoLINQ2ObjectModelClass.csproj", "{AFB4040A-59C9-440A-8B6E-6789480EAE9C}"
EndProject
Project("{FAE04EC0-301F-11D3-BF4B-00C04F79EFBC}") = "DemoLINQ2SQL", "DemoLINQ2SQL\DemoLINQ2SQL.csproj", "{23E7ABB7-2D12-447F-93FE-5A1CBE227E31}"
EndProject
Project("{FAE04EC0-301F-11D3-BF4B-00C04F79EFBC}") = "Lucy_SalesDataManagement", "Lucy_SalesDataManagement\Lucy_SalesDataManagement.csproj", "{113FE566-7806-4F1E-B374-DCA3340E7908}"
EndProject
Project("{2150E333-8FDC-42A3-9474-1A3956D46DE8}") = "Chapter7", "Chapter7", "{02EA681E-C7D8-13C7-8484-4AC65E1B71E8}"
EndProject
Project("{FAE04EC0-301F-11D3-BF4B-00C04F79EFBC}") = "HelloWpfApp", "HelloWpfApp\HelloWpfApp.csproj", "{12B023F0-68AC-406A-ADFB-DEDCF7BE7151}"
EndProject
Project("{FAE04EC0-301F-11D3-BF4B-00C04F79EFBC}") = "BTCoBan_So1", "BTCoBan_So1\BTCoBan_So1.csproj", "{03C1062B-A16C-4A9E-880B-00B2EFBFB186}"
EndProject
Project("{FAE04EC0-301F-11D3-BF4B-00C04F79EFBC}") = "BTCoBan_So2", "BTCoBan_So2\BTCoBan_So2.csproj", "{A3C82844-4146-469C-9310-67642B1A50AB}"
EndProject
Project("{FAE04EC0-301F-11D3-BF4B-00C04F79EFBC}") = "BTCoBan_So3", "BTCoBan_So3\BTCoBan_So3.csproj", "{0A2CB7A7-8139-4FFF-B3FE-A9ABDE7D59F3}"
EndProject
Global
	GlobalSection(SolutionConfigurationPlatforms) = preSolution
		Debug|Any CPU = Debug|Any CPU
		Release|Any CPU = Release|Any CPU
	EndGlobalSection
	GlobalSection(ProjectConfigurationPlatforms) = postSolution
		{3B4E6B4B-7F1B-4977-9A3D-E9D5BCC4B384}.Debug|Any CPU.ActiveCfg = Debug|Any CPU
		{3B4E6B4B-7F1B-4977-9A3D-E9D5BCC4B384}.Debug|Any CPU.Build.0 = Debug|Any CPU
		{3B4E6B4B-7F1B-4977-9A3D-E9D5BCC4B384}.Release|Any CPU.ActiveCfg = Release|Any CPU
		{3B4E6B4B-7F1B-4977-9A3D-E9D5BCC4B384}.Release|Any CPU.Build.0 = Release|Any CPU
		{F3541243-D9DC-448A-AE1C-AFB7B5933C85}.Debug|Any CPU.ActiveCfg = Debug|Any CPU
		{F3541243-D9DC-448A-AE1C-AFB7B5933C85}.Debug|Any CPU.Build.0 = Debug|Any CPU
		{F3541243-D9DC-448A-AE1C-AFB7B5933C85}.Release|Any CPU.ActiveCfg = Release|Any CPU
		{F3541243-D9DC-448A-AE1C-AFB7B5933C85}.Release|Any CPU.Build.0 = Release|Any CPU
		{BD0279F5-6717-4DF7-9F18-FBA298366CC1}.Debug|Any CPU.ActiveCfg = Debug|Any CPU
		{BD0279F5-6717-4DF7-9F18-FBA298366CC1}.Debug|Any CPU.Build.0 = Debug|Any CPU
		{BD0279F5-6717-4DF7-9F18-FBA298366CC1}.Release|Any CPU.ActiveCfg = Release|Any CPU
		{BD0279F5-6717-4DF7-9F18-FBA298366CC1}.Release|Any CPU.Build.0 = Release|Any CPU
		{5BD24112-2312-499A-8D92-2AD4E980D8F7}.Debug|Any CPU.ActiveCfg = Debug|Any CPU
		{5BD24112-2312-499A-8D92-2AD4E980D8F7}.Debug|Any CPU.Build.0 = Debug|Any CPU
		{5BD24112-2312-499A-8D92-2AD4E980D8F7}.Release|Any CPU.ActiveCfg = Release|Any CPU
		{5BD24112-2312-499A-8D92-2AD4E980D8F7}.Release|Any CPU.Build.0 = Release|Any CPU
		{9665768F-05F3-4C48-BFFD-6C6891C1085C}.Debug|Any CPU.ActiveCfg = Debug|Any CPU
		{9665768F-05F3-4C48-BFFD-6C6891C1085C}.Debug|Any CPU.Build.0 = Debug|Any CPU
		{9665768F-05F3-4C48-BFFD-6C6891C1085C}.Release|Any CPU.ActiveCfg = Release|Any CPU
		{9665768F-05F3-4C48-BFFD-6C6891C1085C}.Release|Any CPU.Build.0 = Release|Any CPU
		{6BA5C96B-FD52-4AEF-988A-FF066897BA65}.Debug|Any CPU.ActiveCfg = Debug|Any CPU
		{6BA5C96B-FD52-4AEF-988A-FF066897BA65}.Debug|Any CPU.Build.0 = Debug|Any CPU
		{6BA5C96B-FD52-4AEF-988A-FF066897BA65}.Release|Any CPU.ActiveCfg = Release|Any CPU
		{6BA5C96B-FD52-4AEF-988A-FF066897BA65}.Release|Any CPU.Build.0 = Release|Any CPU
		{61224702-57D7-4AD7-9BAD-77FE7E941EE4}.Debug|Any CPU.ActiveCfg = Debug|Any CPU
		{61224702-57D7-4AD7-9BAD-77FE7E941EE4}.Debug|Any CPU.Build.0 = Debug|Any CPU
		{61224702-57D7-4AD7-9BAD-77FE7E941EE4}.Release|Any CPU.ActiveCfg = Release|Any CPU
		{61224702-57D7-4AD7-9BAD-77FE7E941EE4}.Release|Any CPU.Build.0 = Release|Any CPU
		{5DE4C39F-2890-44D1-8620-9DD5BE62FEE1}.Debug|Any CPU.ActiveCfg = Debug|Any CPU
		{5DE4C39F-2890-44D1-8620-9DD5BE62FEE1}.Debug|Any CPU.Build.0 = Debug|Any CPU
		{5DE4C39F-2890-44D1-8620-9DD5BE62FEE1}.Release|Any CPU.ActiveCfg = Release|Any CPU
		{5DE4C39F-2890-44D1-8620-9DD5BE62FEE1}.Release|Any CPU.Build.0 = Release|Any CPU
		{18DC065F-1C13-46E6-83E5-5DDBBD17C64F}.Debug|Any CPU.ActiveCfg = Debug|Any CPU
		{18DC065F-1C13-46E6-83E5-5DDBBD17C64F}.Debug|Any CPU.Build.0 = Debug|Any CPU
		{18DC065F-1C13-46E6-83E5-5DDBBD17C64F}.Release|Any CPU.ActiveCfg = Release|Any CPU
		{18DC065F-1C13-46E6-83E5-5DDBBD17C64F}.Release|Any CPU.Build.0 = Release|Any CPU
		{3BA0CE7F-96EF-4E8F-A676-606D019D4F67}.Debug|Any CPU.ActiveCfg = Debug|Any CPU
		{3BA0CE7F-96EF-4E8F-A676-606D019D4F67}.Debug|Any CPU.Build.0 = Debug|Any CPU
		{3BA0CE7F-96EF-4E8F-A676-606D019D4F67}.Release|Any CPU.ActiveCfg = Release|Any CPU
		{3BA0CE7F-96EF-4E8F-A676-606D019D4F67}.Release|Any CPU.Build.0 = Release|Any CPU
		{0A697549-52CD-4D6C-975B-E65BB840943C}.Debug|Any CPU.ActiveCfg = Debug|Any CPU
		{0A697549-52CD-4D6C-975B-E65BB840943C}.Debug|Any CPU.Build.0 = Debug|Any CPU
		{0A697549-52CD-4D6C-975B-E65BB840943C}.Release|Any CPU.ActiveCfg = Release|Any CPU
		{0A697549-52CD-4D6C-975B-E65BB840943C}.Release|Any CPU.Build.0 = Release|Any CPU
		{E466D72D-6F3B-402B-B547-8E4B3726A486}.Debug|Any CPU.ActiveCfg = Debug|Any CPU
		{E466D72D-6F3B-402B-B547-8E4B3726A486}.Debug|Any CPU.Build.0 = Debug|Any CPU
		{E466D72D-6F3B-402B-B547-8E4B3726A486}.Release|Any CPU.ActiveCfg = Release|Any CPU
		{E466D72D-6F3B-402B-B547-8E4B3726A486}.Release|Any CPU.Build.0 = Release|Any CPU
		{FEC1A480-0B5D-4069-9274-BAA6342EC435}.Debug|Any CPU.ActiveCfg = Debug|Any CPU
		{FEC1A480-0B5D-4069-9274-BAA6342EC435}.Debug|Any CPU.Build.0 = Debug|Any CPU
		{FEC1A480-0B5D-4069-9274-BAA6342EC435}.Release|Any CPU.ActiveCfg = Release|Any CPU
		{FEC1A480-0B5D-4069-9274-BAA6342EC435}.Release|Any CPU.Build.0 = Release|Any CPU
		{B8D68855-B34B-4C2A-BBB8-E9ADD3732F99}.Debug|Any CPU.ActiveCfg = Debug|Any CPU
		{B8D68855-B34B-4C2A-BBB8-E9ADD3732F99}.Debug|Any CPU.Build.0 = Debug|Any CPU
		{B8D68855-B34B-4C2A-BBB8-E9ADD3732F99}.Release|Any CPU.ActiveCfg = Release|Any CPU
		{B8D68855-B34B-4C2A-BBB8-E9ADD3732F99}.Release|Any CPU.Build.0 = Release|Any CPU
		{990CF9EA-588A-4E3C-B47A-4AD8BF7FAAC4}.Debug|Any CPU.ActiveCfg = Debug|Any CPU
		{990CF9EA-588A-4E3C-B47A-4AD8BF7FAAC4}.Debug|Any CPU.Build.0 = Debug|Any CPU
		{990CF9EA-588A-4E3C-B47A-4AD8BF7FAAC4}.Release|Any CPU.ActiveCfg = Release|Any CPU
		{990CF9EA-588A-4E3C-B47A-4AD8BF7FAAC4}.Release|Any CPU.Build.0 = Release|Any CPU
		{912D790C-954C-46E8-A1F2-43658667DABE}.Debug|Any CPU.ActiveCfg = Debug|Any CPU
		{912D790C-954C-46E8-A1F2-43658667DABE}.Debug|Any CPU.Build.0 = Debug|Any CPU
		{912D790C-954C-46E8-A1F2-43658667DABE}.Release|Any CPU.ActiveCfg = Release|Any CPU
		{912D790C-954C-46E8-A1F2-43658667DABE}.Release|Any CPU.Build.0 = Release|Any CPU
		{DBF8507B-623D-4D76-8748-F42DD446E827}.Debug|Any CPU.ActiveCfg = Debug|Any CPU
		{DBF8507B-623D-4D76-8748-F42DD446E827}.Debug|Any CPU.Build.0 = Debug|Any CPU
		{DBF8507B-623D-4D76-8748-F42DD446E827}.Release|Any CPU.ActiveCfg = Release|Any CPU
		{DBF8507B-623D-4D76-8748-F42DD446E827}.Release|Any CPU.Build.0 = Release|Any CPU
		{2A9A80BE-3027-4FD5-B1DF-0CE95DD87A1E}.Debug|Any CPU.ActiveCfg = Debug|Any CPU
		{2A9A80BE-3027-4FD5-B1DF-0CE95DD87A1E}.Debug|Any CPU.Build.0 = Debug|Any CPU
		{2A9A80BE-3027-4FD5-B1DF-0CE95DD87A1E}.Release|Any CPU.ActiveCfg = Release|Any CPU
		{2A9A80BE-3027-4FD5-B1DF-0CE95DD87A1E}.Release|Any CPU.Build.0 = Release|Any CPU
		{3119A256-1E94-4AB5-9D4A-80168B839501}.Debug|Any CPU.ActiveCfg = Debug|Any CPU
		{3119A256-1E94-4AB5-9D4A-80168B839501}.Debug|Any CPU.Build.0 = Debug|Any CPU
		{3119A256-1E94-4AB5-9D4A-80168B839501}.Release|Any CPU.ActiveCfg = Release|Any CPU
		{3119A256-1E94-4AB5-9D4A-80168B839501}.Release|Any CPU.Build.0 = Release|Any CPU
		{6D86DA95-B6ED-4F0B-B6EE-3CF034F7468B}.Debug|Any CPU.ActiveCfg = Debug|Any CPU
		{6D86DA95-B6ED-4F0B-B6EE-3CF034F7468B}.Debug|Any CPU.Build.0 = Debug|Any CPU
		{6D86DA95-B6ED-4F0B-B6EE-3CF034F7468B}.Release|Any CPU.ActiveCfg = Release|Any CPU
		{6D86DA95-B6ED-4F0B-B6EE-3CF034F7468B}.Release|Any CPU.Build.0 = Release|Any CPU
		{4C40DC0F-4527-4D3A-912D-AE392FDA8788}.Debug|Any CPU.ActiveCfg = Debug|Any CPU
		{4C40DC0F-4527-4D3A-912D-AE392FDA8788}.Debug|Any CPU.Build.0 = Debug|Any CPU
		{4C40DC0F-4527-4D3A-912D-AE392FDA8788}.Release|Any CPU.ActiveCfg = Release|Any CPU
		{4C40DC0F-4527-4D3A-912D-AE392FDA8788}.Release|Any CPU.Build.0 = Release|Any CPU
		{18BF0B5E-631D-4BD3-9284-9D404D363B31}.Debug|Any CPU.ActiveCfg = Debug|Any CPU
		{18BF0B5E-631D-4BD3-9284-9D404D363B31}.Debug|Any CPU.Build.0 = Debug|Any CPU
		{18BF0B5E-631D-4BD3-9284-9D404D363B31}.Release|Any CPU.ActiveCfg = Release|Any CPU
		{18BF0B5E-631D-4BD3-9284-9D404D363B31}.Release|Any CPU.Build.0 = Release|Any CPU
		{9892C2CF-62CE-484B-A360-B6BFFF9DCFF9}.Debug|Any CPU.ActiveCfg = Debug|Any CPU
		{9892C2CF-62CE-484B-A360-B6BFFF9DCFF9}.Debug|Any CPU.Build.0 = Debug|Any CPU
		{9892C2CF-62CE-484B-A360-B6BFFF9DCFF9}.Release|Any CPU.ActiveCfg = Release|Any CPU
		{9892C2CF-62CE-484B-A360-B6BFFF9DCFF9}.Release|Any CPU.Build.0 = Release|Any CPU
		{0673BED2-CC7C-4A74-8151-5D1217DBD9D5}.Debug|Any CPU.ActiveCfg = Debug|Any CPU
		{0673BED2-CC7C-4A74-8151-5D1217DBD9D5}.Debug|Any CPU.Build.0 = Debug|Any CPU
		{0673BED2-CC7C-4A74-8151-5D1217DBD9D5}.Release|Any CPU.ActiveCfg = Release|Any CPU
		{0673BED2-CC7C-4A74-8151-5D1217DBD9D5}.Release|Any CPU.Build.0 = Release|Any CPU
		{775C3741-EA2D-4CF8-ADBB-29A51EF93A27}.Debug|Any CPU.ActiveCfg = Debug|Any CPU
		{775C3741-EA2D-4CF8-ADBB-29A51EF93A27}.Debug|Any CPU.Build.0 = Debug|Any CPU
		{775C3741-EA2D-4CF8-ADBB-29A51EF93A27}.Release|Any CPU.ActiveCfg = Release|Any CPU
		{775C3741-EA2D-4CF8-ADBB-29A51EF93A27}.Release|Any CPU.Build.0 = Release|Any CPU
		{AD6AF51C-1F29-4791-B823-153385A7F574}.Debug|Any CPU.ActiveCfg = Debug|Any CPU
		{AD6AF51C-1F29-4791-B823-153385A7F574}.Debug|Any CPU.Build.0 = Debug|Any CPU
		{AD6AF51C-1F29-4791-B823-153385A7F574}.Release|Any CPU.ActiveCfg = Release|Any CPU
		{AD6AF51C-1F29-4791-B823-153385A7F574}.Release|Any CPU.Build.0 = Release|Any CPU
		{AFB4040A-59C9-440A-8B6E-6789480EAE9C}.Debug|Any CPU.ActiveCfg = Debug|Any CPU
		{AFB4040A-59C9-440A-8B6E-6789480EAE9C}.Debug|Any CPU.Build.0 = Debug|Any CPU
		{AFB4040A-59C9-440A-8B6E-6789480EAE9C}.Release|Any CPU.ActiveCfg = Release|Any CPU
		{AFB4040A-59C9-440A-8B6E-6789480EAE9C}.Release|Any CPU.Build.0 = Release|Any CPU
		{23E7ABB7-2D12-447F-93FE-5A1CBE227E31}.Debug|Any CPU.ActiveCfg = Debug|Any CPU
		{23E7ABB7-2D12-447F-93FE-5A1CBE227E31}.Debug|Any CPU.Build.0 = Debug|Any CPU
		{23E7ABB7-2D12-447F-93FE-5A1CBE227E31}.Release|Any CPU.ActiveCfg = Release|Any CPU
		{23E7ABB7-2D12-447F-93FE-5A1CBE227E31}.Release|Any CPU.Build.0 = Release|Any CPU
		{113FE566-7806-4F1E-B374-DCA3340E7908}.Debug|Any CPU.ActiveCfg = Debug|Any CPU
		{113FE566-7806-4F1E-B374-DCA3340E7908}.Debug|Any CPU.Build.0 = Debug|Any CPU
		{113FE566-7806-4F1E-B374-DCA3340E7908}.Release|Any CPU.ActiveCfg = Release|Any CPU
		{113FE566-7806-4F1E-B374-DCA3340E7908}.Release|Any CPU.Build.0 = Release|Any CPU
		{12B023F0-68AC-406A-ADFB-DEDCF7BE7151}.Debug|Any CPU.ActiveCfg = Debug|Any CPU
		{12B023F0-68AC-406A-ADFB-DEDCF7BE7151}.Debug|Any CPU.Build.0 = Debug|Any CPU
		{12B023F0-68AC-406A-ADFB-DEDCF7BE7151}.Release|Any CPU.ActiveCfg = Release|Any CPU
		{12B023F0-68AC-406A-ADFB-DEDCF7BE7151}.Release|Any CPU.Build.0 = Release|Any CPU
		{03C1062B-A16C-4A9E-880B-00B2EFBFB186}.Debug|Any CPU.ActiveCfg = Debug|Any CPU
		{03C1062B-A16C-4A9E-880B-00B2EFBFB186}.Debug|Any CPU.Build.0 = Debug|Any CPU
		{03C1062B-A16C-4A9E-880B-00B2EFBFB186}.Release|Any CPU.ActiveCfg = Release|Any CPU
		{03C1062B-A16C-4A9E-880B-00B2EFBFB186}.Release|Any CPU.Build.0 = Release|Any CPU
		{A3C82844-4146-469C-9310-67642B1A50AB}.Debug|Any CPU.ActiveCfg = Debug|Any CPU
		{A3C82844-4146-469C-9310-67642B1A50AB}.Debug|Any CPU.Build.0 = Debug|Any CPU
		{A3C82844-4146-469C-9310-67642B1A50AB}.Release|Any CPU.ActiveCfg = Release|Any CPU
		{A3C82844-4146-469C-9310-67642B1A50AB}.Release|Any CPU.Build.0 = Release|Any CPU
		{0A2CB7A7-8139-4FFF-B3FE-A9ABDE7D59F3}.Debug|Any CPU.ActiveCfg = Debug|Any CPU
		{0A2CB7A7-8139-4FFF-B3FE-A9ABDE7D59F3}.Debug|Any CPU.Build.0 = Debug|Any CPU
		{0A2CB7A7-8139-4FFF-B3FE-A9ABDE7D59F3}.Release|Any CPU.ActiveCfg = Release|Any CPU
		{0A2CB7A7-8139-4FFF-B3FE-A9ABDE7D59F3}.Release|Any CPU.Build.0 = Release|Any CPU
	EndGlobalSection
	GlobalSection(SolutionProperties) = preSolution
		HideSolutionNode = FALSE
	EndGlobalSection
	GlobalSection(NestedProjects) = preSolution
		{3119A256-1E94-4AB5-9D4A-80168B839501} = {80BC0345-148F-4D67-999B-B062D898386A}
		{6D86DA95-B6ED-4F0B-B6EE-3CF034F7468B} = {80BC0345-148F-4D67-999B-B062D898386A}
		{4C40DC0F-4527-4D3A-912D-AE392FDA8788} = {80BC0345-148F-4D67-999B-B062D898386A}
		{18BF0B5E-631D-4BD3-9284-9D404D363B31} = {80BC0345-148F-4D67-999B-B062D898386A}
		{9892C2CF-62CE-484B-A360-B6BFFF9DCFF9} = {80BC0345-148F-4D67-999B-B062D898386A}
		{0673BED2-CC7C-4A74-8151-5D1217DBD9D5} = {80BC0345-148F-4D67-999B-B062D898386A}
		{AD6AF51C-1F29-4791-B823-153385A7F574} = {BBC40510-14D2-4697-8C76-330486D35768}
		{AFB4040A-59C9-440A-8B6E-6789480EAE9C} = {BBC40510-14D2-4697-8C76-330486D35768}
		{23E7ABB7-2D12-447F-93FE-5A1CBE227E31} = {BBC40510-14D2-4697-8C76-330486D35768}
		{113FE566-7806-4F1E-B374-DCA3340E7908} = {BBC40510-14D2-4697-8C76-330486D35768}
		{12B023F0-68AC-406A-ADFB-DEDCF7BE7151} = {02EA681E-C7D8-13C7-8484-4AC65E1B71E8}
		{03C1062B-A16C-4A9E-880B-00B2EFBFB186} = {02EA681E-C7D8-13C7-8484-4AC65E1B71E8}
		{A3C82844-4146-469C-9310-67642B1A50AB} = {02EA681E-C7D8-13C7-8484-4AC65E1B71E8}
		{0A2CB7A7-8139-4FFF-B3FE-A9ABDE7D59F3} = {02EA681E-C7D8-13C7-8484-4AC65E1B71E8}
	EndGlobalSection
	GlobalSection(ExtensibilityGlobals) = postSolution
		SolutionGuid = {F2416EA2-8E2F-4EDB-B0B8-6595381516A0}
	EndGlobalSection
EndGlobal
